// !$*UTF8*$!
{
	archiveVersion = 1;
	classes = {
	};
	objectVersion = 46;
	objects = {

/* Begin PBXBuildFile section */
		BDCBFE061C84C43E0020C96C /* AppDelegate.swift in Sources */ = {isa = PBXBuildFile; fileRef = BDCBFE051C84C43E0020C96C /* AppDelegate.swift */; };
		BDCBFE081C84C43E0020C96C /* ViewController.swift in Sources */ = {isa = PBXBuildFile; fileRef = BDCBFE071C84C43E0020C96C /* ViewController.swift */; };
		BDCBFE0B1C84C43E0020C96C /* Main.storyboard in Resources */ = {isa = PBXBuildFile; fileRef = BDCBFE091C84C43E0020C96C /* Main.storyboard */; };
		BDCBFE0D1C84C43E0020C96C /* Assets.xcassets in Resources */ = {isa = PBXBuildFile; fileRef = BDCBFE0C1C84C43E0020C96C /* Assets.xcassets */; };
		BDCBFE101C84C43E0020C96C /* LaunchScreen.storyboard in Resources */ = {isa = PBXBuildFile; fileRef = BDCBFE0E1C84C43E0020C96C /* LaunchScreen.storyboard */; };
		BDCBFE1B1C84C43E0020C96C /* Getting_Swifty_with_T_SmittyTests.swift in Sources */ = {isa = PBXBuildFile; fileRef = BDCBFE1A1C84C43E0020C96C /* Getting_Swifty_with_T_SmittyTests.swift */; };
		BDCBFE261C84C43E0020C96C /* Getting_Swifty_with_T_SmittyUITests.swift in Sources */ = {isa = PBXBuildFile; fileRef = BDCBFE251C84C43E0020C96C /* Getting_Swifty_with_T_SmittyUITests.swift */; };
		BDCBFE361C84C9300020C96C /* Default-568h@2x.png in Resources */ = {isa = PBXBuildFile; fileRef = BDCBFE351C84C9300020C96C /* Default-568h@2x.png */; };
/* End PBXBuildFile section */

/* Begin PBXContainerItemProxy section */
		BDCBFE171C84C43E0020C96C /* PBXContainerItemProxy */ = {
			isa = PBXContainerItemProxy;
			containerPortal = BDCBFDFA1C84C43E0020C96C /* Project object */;
			proxyType = 1;
			remoteGlobalIDString = BDCBFE011C84C43E0020C96C;
			remoteInfo = "Getting Swifty with T-Smitty";
		};
		BDCBFE221C84C43E0020C96C /* PBXContainerItemProxy */ = {
			isa = PBXContainerItemProxy;
			containerPortal = BDCBFDFA1C84C43E0020C96C /* Project object */;
			proxyType = 1;
			remoteGlobalIDString = BDCBFE011C84C43E0020C96C;
			remoteInfo = "Getting Swifty with T-Smitty";
		};
/* End PBXContainerItemProxy section */

/* Begin PBXFileReference section */
		BDCBFE021C84C43E0020C96C /* Getting Swifty with T-Smitty.app */ = {isa = PBXFileReference; explicitFileType = wrapper.application; includeInIndex = 0; path = "Getting Swifty with T-Smitty.app"; sourceTree = BUILT_PRODUCTS_DIR; };
		BDCBFE051C84C43E0020C96C /* AppDelegate.swift */ = {isa = PBXFileReference; lastKnownFileType = sourcecode.swift; path = AppDelegate.swift; sourceTree = "<group>"; };
		BDCBFE071C84C43E0020C96C /* ViewController.swift */ = {isa = PBXFileReference; lastKnownFileType = sourcecode.swift; path = ViewController.swift; sourceTree = "<group>"; };
		BDCBFE0A1C84C43E0020C96C /* Base */ = {isa = PBXFileReference; lastKnownFileType = file.storyboard; name = Base; path = Base.lproj/Main.storyboard; sourceTree = "<group>"; };
		BDCBFE0C1C84C43E0020C96C /* Assets.xcassets */ = {isa = PBXFileReference; lastKnownFileType = folder.assetcatalog; path = Assets.xcassets; sourceTree = "<group>"; };
		BDCBFE0F1C84C43E0020C96C /* Base */ = {isa = PBXFileReference; lastKnownFileType = file.storyboard; name = Base; path = Base.lproj/LaunchScreen.storyboard; sourceTree = "<group>"; };
		BDCBFE111C84C43E0020C96C /* Info.plist */ = {isa = PBXFileReference; lastKnownFileType = text.plist.xml; path = Info.plist; sourceTree = "<group>"; };
		BDCBFE161C84C43E0020C96C /* Getting Swifty with T-SmittyTests.xctest */ = {isa = PBXFileReference; explicitFileType = wrapper.cfbundle; includeInIndex = 0; path = "Getting Swifty with T-SmittyTests.xctest"; sourceTree = BUILT_PRODUCTS_DIR; };
		BDCBFE1A1C84C43E0020C96C /* Getting_Swifty_with_T_SmittyTests.swift */ = {isa = PBXFileReference; lastKnownFileType = sourcecode.swift; path = Getting_Swifty_with_T_SmittyTests.swift; sourceTree = "<group>"; };
		BDCBFE1C1C84C43E0020C96C /* Info.plist */ = {isa = PBXFileReference; lastKnownFileType = text.plist.xml; path = Info.plist; sourceTree = "<group>"; };
		BDCBFE211C84C43E0020C96C /* Getting Swifty with T-SmittyUITests.xctest */ = {isa = PBXFileReference; explicitFileType = wrapper.cfbundle; includeInIndex = 0; path = "Getting Swifty with T-SmittyUITests.xctest"; sourceTree = BUILT_PRODUCTS_DIR; };
		BDCBFE251C84C43E0020C96C /* Getting_Swifty_with_T_SmittyUITests.swift */ = {isa = PBXFileReference; lastKnownFileType = sourcecode.swift; path = Getting_Swifty_with_T_SmittyUITests.swift; sourceTree = "<group>"; };
		BDCBFE271C84C43E0020C96C /* Info.plist */ = {isa = PBXFileReference; lastKnownFileType = text.plist.xml; path = Info.plist; sourceTree = "<group>"; };
		BDCBFE351C84C9300020C96C /* Default-568h@2x.png */ = {isa = PBXFileReference; lastKnownFileType = image.png; path = "Default-568h@2x.png"; sourceTree = "<group>"; };
/* End PBXFileReference section */

/* Begin PBXFrameworksBuildPhase section */
		BDCBFDFF1C84C43E0020C96C /* Frameworks */ = {
			isa = PBXFrameworksBuildPhase;
			buildActionMask = 2147483647;
			files = (
			);
			runOnlyForDeploymentPostprocessing = 0;
		};
		BDCBFE131C84C43E0020C96C /* Frameworks */ = {
			isa = PBXFrameworksBuildPhase;
			buildActionMask = 2147483647;
			files = (
			);
			runOnlyForDeploymentPostprocessing = 0;
		};
		BDCBFE1E1C84C43E0020C96C /* Frameworks */ = {
			isa = PBXFrameworksBuildPhase;
			buildActionMask = 2147483647;
			files = (
			);
			runOnlyForDeploymentPostprocessing = 0;
		};
/* End PBXFrameworksBuildPhase section */

/* Begin PBXGroup section */
		BDCBFDF91C84C43E0020C96C = {
			isa = PBXGroup;
			children = (
				BDCBFE351C84C9300020C96C /* Default-568h@2x.png */,
				BDCBFE041C84C43E0020C96C /* Getting Swifty with T-Smitty */,
				BDCBFE191C84C43E0020C96C /* Getting Swifty with T-SmittyTests */,
				BDCBFE241C84C43E0020C96C /* Getting Swifty with T-SmittyUITests */,
				BDCBFE031C84C43E0020C96C /* Products */,
			);
			sourceTree = "<group>";
		};
		BDCBFE031C84C43E0020C96C /* Products */ = {
			isa = PBXGroup;
			children = (
				BDCBFE021C84C43E0020C96C /* Getting Swifty with T-Smitty.app */,
				BDCBFE161C84C43E0020C96C /* Getting Swifty with T-SmittyTests.xctest */,
				BDCBFE211C84C43E0020C96C /* Getting Swifty with T-SmittyUITests.xctest */,
			);
			name = Products;
			sourceTree = "<group>";
		};
		BDCBFE041C84C43E0020C96C /* Getting Swifty with T-Smitty */ = {
			isa = PBXGroup;
			children = (
				BDCBFE051C84C43E0020C96C /* AppDelegate.swift */,
				BDCBFE071C84C43E0020C96C /* ViewController.swift */,
				BDCBFE091C84C43E0020C96C /* Main.storyboard */,
				BDCBFE0C1C84C43E0020C96C /* Assets.xcassets */,
				BDCBFE0E1C84C43E0020C96C /* LaunchScreen.storyboard */,
				BDCBFE111C84C43E0020C96C /* Info.plist */,
			);
			path = "Getting Swifty with T-Smitty";
			sourceTree = "<group>";
		};
		BDCBFE191C84C43E0020C96C /* Getting Swifty with T-SmittyTests */ = {
			isa = PBXGroup;
			children = (
				BDCBFE1A1C84C43E0020C96C /* Getting_Swifty_with_T_SmittyTests.swift */,
				BDCBFE1C1C84C43E0020C96C /* Info.plist */,
			);
			path = "Getting Swifty with T-SmittyTests";
			sourceTree = "<group>";
		};
		BDCBFE241C84C43E0020C96C /* Getting Swifty with T-SmittyUITests */ = {
			isa = PBXGroup;
			children = (
				BDCBFE251C84C43E0020C96C /* Getting_Swifty_with_T_SmittyUITests.swift */,
				BDCBFE271C84C43E0020C96C /* Info.plist */,
			);
			path = "Getting Swifty with T-SmittyUITests";
			sourceTree = "<group>";
		};
/* End PBXGroup section */

/* Begin PBXNativeTarget section */
		BDCBFE011C84C43E0020C96C /* Getting Swifty with T-Smitty */ = {
			isa = PBXNativeTarget;
			buildConfigurationList = BDCBFE2A1C84C43E0020C96C /* Build configuration list for PBXNativeTarget "Getting Swifty with T-Smitty" */;
			buildPhases = (
				BDCBFDFE1C84C43E0020C96C /* Sources */,
				BDCBFDFF1C84C43E0020C96C /* Frameworks */,
				BDCBFE001C84C43E0020C96C /* Resources */,
			);
			buildRules = (
			);
			dependencies = (
			);
			name = "Getting Swifty with T-Smitty";
			productName = "Getting Swifty with T-Smitty";
			productReference = BDCBFE021C84C43E0020C96C /* Getting Swifty with T-Smitty.app */;
			productType = "com.apple.product-type.application";
		};
		BDCBFE151C84C43E0020C96C /* Getting Swifty with T-SmittyTests */ = {
			isa = PBXNativeTarget;
			buildConfigurationList = BDCBFE2D1C84C43E0020C96C /* Build configuration list for PBXNativeTarget "Getting Swifty with T-SmittyTests" */;
			buildPhases = (
				BDCBFE121C84C43E0020C96C /* Sources */,
				BDCBFE131C84C43E0020C96C /* Frameworks */,
				BDCBFE141C84C43E0020C96C /* Resources */,
			);
			buildRules = (
			);
			dependencies = (
				BDCBFE181C84C43E0020C96C /* PBXTargetDependency */,
			);
			name = "Getting Swifty with T-SmittyTests";
			productName = "Getting Swifty with T-SmittyTests";
			productReference = BDCBFE161C84C43E0020C96C /* Getting Swifty with T-SmittyTests.xctest */;
			productType = "com.apple.product-type.bundle.unit-test";
		};
		BDCBFE201C84C43E0020C96C /* Getting Swifty with T-SmittyUITests */ = {
			isa = PBXNativeTarget;
			buildConfigurationList = BDCBFE301C84C43E0020C96C /* Build configuration list for PBXNativeTarget "Getting Swifty with T-SmittyUITests" */;
			buildPhases = (
				BDCBFE1D1C84C43E0020C96C /* Sources */,
				BDCBFE1E1C84C43E0020C96C /* Frameworks */,
				BDCBFE1F1C84C43E0020C96C /* Resources */,
			);
			buildRules = (
			);
			dependencies = (
				BDCBFE231C84C43E0020C96C /* PBXTargetDependency */,
			);
			name = "Getting Swifty with T-SmittyUITests";
			productName = "Getting Swifty with T-SmittyUITests";
			productReference = BDCBFE211C84C43E0020C96C /* Getting Swifty with T-SmittyUITests.xctest */;
			productType = "com.apple.product-type.bundle.ui-testing";
		};
/* End PBXNativeTarget section */

/* Begin PBXProject section */
		BDCBFDFA1C84C43E0020C96C /* Project object */ = {
			isa = PBXProject;
			attributes = {
				LastSwiftUpdateCheck = 0720;
				LastUpgradeCheck = 0720;
				ORGANIZATIONNAME = "Taylor Smith";
				TargetAttributes = {
					BDCBFE011C84C43E0020C96C = {
						CreatedOnToolsVersion = 7.2.1;
					};
					BDCBFE151C84C43E0020C96C = {
						CreatedOnToolsVersion = 7.2.1;
						TestTargetID = BDCBFE011C84C43E0020C96C;
					};
					BDCBFE201C84C43E0020C96C = {
						CreatedOnToolsVersion = 7.2.1;
						TestTargetID = BDCBFE011C84C43E0020C96C;
					};
				};
			};
			buildConfigurationList = BDCBFDFD1C84C43E0020C96C /* Build configuration list for PBXProject "Getting Swifty with T-Smitty" */;
			compatibilityVersion = "Xcode 3.2";
			developmentRegion = English;
			hasScannedForEncodings = 0;
			knownRegions = (
				en,
				Base,
			);
			mainGroup = BDCBFDF91C84C43E0020C96C;
			productRefGroup = BDCBFE031C84C43E0020C96C /* Products */;
			projectDirPath = "";
			projectRoot = "";
			targets = (
				BDCBFE011C84C43E0020C96C /* Getting Swifty with T-Smitty */,
				BDCBFE151C84C43E0020C96C /* Getting Swifty with T-SmittyTests */,
				BDCBFE201C84C43E0020C96C /* Getting Swifty with T-SmittyUITests */,
			);
		};
/* End PBXProject section */

/* Begin PBXResourcesBuildPhase section */
		BDCBFE001C84C43E0020C96C /* Resources */ = {
			isa = PBXResourcesBuildPhase;
			buildActionMask = 2147483647;
			files = (
				BDCBFE101C84C43E0020C96C /* LaunchScreen.storyboard in Resources */,
				BDCBFE361C84C9300020C96C /* Default-568h@2x.png in Resources */,
				BDCBFE0D1C84C43E0020C96C /* Assets.xcassets in Resources */,
				BDCBFE0B1C84C43E0020C96C /* Main.storyboard in Resources */,
			);
			runOnlyForDeploymentPostprocessing = 0;
		};
		BDCBFE141C84C43E0020C96C /* Resources */ = {
			isa = PBXResourcesBuildPhase;
			buildActionMask = 2147483647;
			files = (
			);
			runOnlyForDeploymentPostprocessing = 0;
		};
		BDCBFE1F1C84C43E0020C96C /* Resources */ = {
			isa = PBXResourcesBuildPhase;
			buildActionMask = 2147483647;
			files = (
			);
			runOnlyForDeploymentPostprocessing = 0;
		};
/* End PBXResourcesBuildPhase section */

/* Begin PBXSourcesBuildPhase section */
		BDCBFDFE1C84C43E0020C96C /* Sources */ = {
			isa = PBXSourcesBuildPhase;
			buildActionMask = 2147483647;
			files = (
				BDCBFE081C84C43E0020C96C /* ViewController.swift in Sources */,
				BDCBFE061C84C43E0020C96C /* AppDelegate.swift in Sources */,
			);
			runOnlyForDeploymentPostprocessing = 0;
		};
		BDCBFE121C84C43E0020C96C /* Sources */ = {
			isa = PBXSourcesBuildPhase;
			buildActionMask = 2147483647;
			files = (
				BDCBFE1B1C84C43E0020C96C /* Getting_Swifty_with_T_SmittyTests.swift in Sources */,
			);
			runOnlyForDeploymentPostprocessing = 0;
		};
		BDCBFE1D1C84C43E0020C96C /* Sources */ = {
			isa = PBXSourcesBuildPhase;
			buildActionMask = 2147483647;
			files = (
				BDCBFE261C84C43E0020C96C /* Getting_Swifty_with_T_SmittyUITests.swift in Sources */,
			);
			runOnlyForDeploymentPostprocessing = 0;
		};
/* End PBXSourcesBuildPhase section */

/* Begin PBXTargetDependency section */
		BDCBFE181C84C43E0020C96C /* PBXTargetDependency */ = {
			isa = PBXTargetDependency;
			target = BDCBFE011C84C43E0020C96C /* Getting Swifty with T-Smitty */;
			targetProxy = BDCBFE171C84C43E0020C96C /* PBXContainerItemProxy */;
		};
		BDCBFE231C84C43E0020C96C /* PBXTargetDependency */ = {
			isa = PBXTargetDependency;
			target = BDCBFE011C84C43E0020C96C /* Getting Swifty with T-Smitty */;
			targetProxy = BDCBFE221C84C43E0020C96C /* PBXContainerItemProxy */;
		};
/* End PBXTargetDependency section */

/* Begin PBXVariantGroup section */
		BDCBFE091C84C43E0020C96C /* Main.storyboard */ = {
			isa = PBXVariantGroup;
			children = (
				BDCBFE0A1C84C43E0020C96C /* Base */,
			);
			name = Main.storyboard;
			sourceTree = "<group>";
		};
		BDCBFE0E1C84C43E0020C96C /* LaunchScreen.storyboard */ = {
			isa = PBXVariantGroup;
			children = (
				BDCBFE0F1C84C43E0020C96C /* Base */,
			);
			name = LaunchScreen.storyboard;
			sourceTree = "<group>";
		};
/* End PBXVariantGroup section */

/* Begin XCBuildConfiguration section */
		BDCBFE281C84C43E0020C96C /* Debug */ = {
			isa = XCBuildConfiguration;
			buildSettings = {
				ALWAYS_SEARCH_USER_PATHS = NO;
				CLANG_CXX_LANGUAGE_STANDARD = "gnu++0x";
				CLANG_CXX_LIBRARY = "libc++";
				CLANG_ENABLE_MODULES = YES;
				CLANG_ENABLE_OBJC_ARC = YES;
				CLANG_WARN_BOOL_CONVERSION = YES;
				CLANG_WARN_CONSTANT_CONVERSION = YES;
				CLANG_WARN_DIRECT_OBJC_ISA_USAGE = YES_ERROR;
				CLANG_WARN_EMPTY_BODY = YES;
				CLANG_WARN_ENUM_CONVERSION = YES;
				CLANG_WARN_INT_CONVERSION = YES;
				CLANG_WARN_OBJC_ROOT_CLASS = YES_ERROR;
				CLANG_WARN_UNREACHABLE_CODE = YES;
				CLANG_WARN__DUPLICATE_METHOD_MATCH = YES;
				"CODE_SIGN_IDENTITY[sdk=iphoneos*]" = "iPhone Developer";
				COPY_PHASE_STRIP = NO;
				DEBUG_INFORMATION_FORMAT = dwarf;
				ENABLE_STRICT_OBJC_MSGSEND = YES;
				ENABLE_TESTABILITY = YES;
				GCC_C_LANGUAGE_STANDARD = gnu99;
				GCC_DYNAMIC_NO_PIC = NO;
				GCC_NO_COMMON_BLOCKS = YES;
				GCC_OPTIMIZATION_LEVEL = 0;
				GCC_PREPROCESSOR_DEFINITIONS = (
					"DEBUG=1",
					"$(inherited)",
				);
				GCC_WARN_64_TO_32_BIT_CONVERSION = YES;
				GCC_WARN_ABOUT_RETURN_TYPE = YES_ERROR;
				GCC_WARN_UNDECLARED_SELECTOR = YES;
				GCC_WARN_UNINITIALIZED_AUTOS = YES_AGGRESSIVE;
				GCC_WARN_UNUSED_FUNCTION = YES;
				GCC_WARN_UNUSED_VARIABLE = YES;
				IPHONEOS_DEPLOYMENT_TARGET = 9.2;
				MTL_ENABLE_DEBUG_INFO = YES;
				ONLY_ACTIVE_ARCH = YES;
				SDKROOT = iphoneos;
				SWIFT_OPTIMIZATION_LEVEL = "-Onone";
				TARGETED_DEVICE_FAMILY = "1,2";
			};
			name = Debug;
		};
		BDCBFE291C84C43E0020C96C /* Release */ = {
			isa = XCBuildConfiguration;
			buildSettings = {
				ALWAYS_SEARCH_USER_PATHS = NO;
				CLANG_CXX_LANGUAGE_STANDARD = "gnu++0x";
				CLANG_CXX_LIBRARY = "libc++";
				CLANG_ENABLE_MODULES = YES;
				CLANG_ENABLE_OBJC_ARC = YES;
				CLANG_WARN_BOOL_CONVERSION = YES;
				CLANG_WARN_CONSTANT_CONVERSION = YES;
				CLANG_WARN_DIRECT_OBJC_ISA_USAGE = YES_ERROR;
				CLANG_WARN_EMPTY_BODY = YES;
				CLANG_WARN_ENUM_CONVERSION = YES;
				CLANG_WARN_INT_CONVERSION = YES;
				CLANG_WARN_OBJC_ROOT_CLASS = YES_ERROR;
				CLANG_WARN_UNREACHABLE_CODE = YES;
				CLANG_WARN__DUPLICATE_METHOD_MATCH = YES;
				"CODE_SIGN_IDENTITY[sdk=iphoneos*]" = "iPhone Developer";
				COPY_PHASE_STRIP = NO;
				DEBUG_INFORMATION_FORMAT = "dwarf-with-dsym";
				ENABLE_NS_ASSERTIONS = NO;
				ENABLE_STRICT_OBJC_MSGSEND = YES;
				GCC_C_LANGUAGE_STANDARD = gnu99;
				GCC_NO_COMMON_BLOCKS = YES;
				GCC_WARN_64_TO_32_BIT_CONVERSION = YES;
				GCC_WARN_ABOUT_RETURN_TYPE = YES_ERROR;
				GCC_WARN_UNDECLARED_SELECTOR = YES;
				GCC_WARN_UNINITIALIZED_AUTOS = YES_AGGRESSIVE;
				GCC_WARN_UNUSED_FUNCTION = YES;
				GCC_WARN_UNUSED_VARIABLE = YES;
				IPHONEOS_DEPLOYMENT_TARGET = 9.2;
				MTL_ENABLE_DEBUG_INFO = NO;
				SDKROOT = iphoneos;
				TARGETED_DEVICE_FAMILY = "1,2";
				VALIDATE_PRODUCT = YES;
			};
			name = Release;
		};
		BDCBFE2B1C84C43E0020C96C /* Debug */ = {
			isa = XCBuildConfiguration;
			buildSettings = {
				ASSETCATALOG_COMPILER_APPICON_NAME = AppIcon;
				INFOPLIST_FILE = "Getting Swifty with T-Smitty/Info.plist";
				LD_RUNPATH_SEARCH_PATHS = "$(inherited) @executable_path/Frameworks";
				PRODUCT_BUNDLE_IDENTIFIER = "com.practice.Getting-Swifty-with-T-Smitty";
				PRODUCT_NAME = "$(TARGET_NAME)";
			};
			name = Debug;
		};
		BDCBFE2C1C84C43E0020C96C /* Release */ = {
			isa = XCBuildConfiguration;
			buildSettings = {
				ASSETCATALOG_COMPILER_APPICON_NAME = AppIcon;
				INFOPLIST_FILE = "Getting Swifty with T-Smitty/Info.plist";
				LD_RUNPATH_SEARCH_PATHS = "$(inherited) @executable_path/Frameworks";
				PRODUCT_BUNDLE_IDENTIFIER = "com.practice.Getting-Swifty-with-T-Smitty";
				PRODUCT_NAME = "$(TARGET_NAME)";
			};
			name = Release;
		};
		BDCBFE2E1C84C43E0020C96C /* Debug */ = {
			isa = XCBuildConfiguration;
			buildSettings = {
				BUNDLE_LOADER = "$(TEST_HOST)";
				INFOPLIST_FILE = "Getting Swifty with T-SmittyTests/Info.plist";
				LD_RUNPATH_SEARCH_PATHS = "$(inherited) @executable_path/Frameworks @loader_path/Frameworks";
				PRODUCT_BUNDLE_IDENTIFIER = "com.practice.Getting-Swifty-with-T-SmittyTests";
				PRODUCT_NAME = "$(TARGET_NAME)";
				TEST_HOST = "$(BUILT_PRODUCTS_DIR)/Getting Swifty with T-Smitty.app/Getting Swifty with T-Smitty";
			};
			name = Debug;
		};
		BDCBFE2F1C84C43E0020C96C /* Release */ = {
			isa = XCBuildConfiguration;
			buildSettings = {
				BUNDLE_LOADER = "$(TEST_HOST)";
				INFOPLIST_FILE = "Getting Swifty with T-SmittyTests/Info.plist";
				LD_RUNPATH_SEARCH_PATHS = "$(inherited) @executable_path/Frameworks @loader_path/Frameworks";
				PRODUCT_BUNDLE_IDENTIFIER = "com.practice.Getting-Swifty-with-T-SmittyTests";
				PRODUCT_NAME = "$(TARGET_NAME)";
				TEST_HOST = "$(BUILT_PRODUCTS_DIR)/Getting Swifty with T-Smitty.app/Getting Swifty with T-Smitty";
			};
			name = Release;
		};
		BDCBFE311C84C43E0020C96C /* Debug */ = {
			isa = XCBuildConfiguration;
			buildSettings = {
				INFOPLIST_FILE = "Getting Swifty with T-SmittyUITests/Info.plist";
				LD_RUNPATH_SEARCH_PATHS = "$(inherited) @executable_path/Frameworks @loader_path/Frameworks";
				PRODUCT_BUNDLE_IDENTIFIER = "com.practice.Getting-Swifty-with-T-SmittyUITests";
				PRODUCT_NAME = "$(TARGET_NAME)";
				TEST_TARGET_NAME = "Getting Swifty with T-Smitty";
				USES_XCTRUNNER = YES;
			};
			name = Debug;
		};
		BDCBFE321C84C43E0020C96C /* Release */ = {
			isa = XCBuildConfiguration;
			buildSettings = {
				INFOPLIST_FILE = "Getting Swifty with T-SmittyUITests/Info.plist";
				LD_RUNPATH_SEARCH_PATHS = "$(inherited) @executable_path/Frameworks @loader_path/Frameworks";
				PRODUCT_BUNDLE_IDENTIFIER = "com.practice.Getting-Swifty-with-T-SmittyUITests";
				PRODUCT_NAME = "$(TARGET_NAME)";
				TEST_TARGET_NAME = "Getting Swifty with T-Smitty";
				USES_XCTRUNNER = YES;
			};
			name = Release;
		};
/* End XCBuildConfiguration section */

/* Begin XCConfigurationList section */
		BDCBFDFD1C84C43E0020C96C /* Build configuration list for PBXProject "Getting Swifty with T-Smitty" */ = {
			isa = XCConfigurationList;
			buildConfigurations = (
				BDCBFE281C84C43E0020C96C /* Debug */,
				BDCBFE291C84C43E0020C96C /* Release */,
			);
			defaultConfigurationIsVisible = 0;
			defaultConfigurationName = Release;
		};
		BDCBFE2A1C84C43E0020C96C /* Build configuration list for PBXNativeTarget "Getting Swifty with T-Smitty" */ = {
			isa = XCConfigurationList;
			buildConfigurations = (
				BDCBFE2B1C84C43E0020C96C /* Debug */,
				BDCBFE2C1C84C43E0020C96C /* Release */,
			);
			defaultConfigurationIsVisible = 0;
			defaultConfigurationName = Release;
		};
		BDCBFE2D1C84C43E0020C96C /* Build configuration list for PBXNativeTarget "Getting Swifty with T-SmittyTests" */ = {
			isa = XCConfigurationList;
			buildConfigurations = (
				BDCBFE2E1C84C43E0020C96C /* Debug */,
				BDCBFE2F1C84C43E0020C96C /* Release */,
			);
			defaultConfigurationIsVisible = 0;
			defaultConfigurationName = Release;
		};
		BDCBFE301C84C43E0020C96C /* Build configuration list for PBXNativeTarget "Getting Swifty with T-SmittyUITests" */ = {
			isa = XCConfigurationList;
			buildConfigurations = (
				BDCBFE311C84C43E0020C96C /* Debug */,
				BDCBFE321C84C43E0020C96C /* Release */,
			);
			defaultConfigurationIsVisible = 0;
			defaultConfigurationName = Release;
		};
/* End XCConfigurationList section */
	};
	rootObject = BDCBFDFA1C84C43E0020C96C /* Project object */;
}
